{
  "lockfileVersion": 1,
  "configVersion": 1,
  "workspaces": {
    "": {
      "name": "handlebar",
      "dependencies": {
        "@types/minimist": "^1.2.5",
      },
      "devDependencies": {
        "@biomejs/biome": "2.3.1",
        "@types/bun": "^1.3.1",
        "dotenv": "^17.2.3",
        "minimist": "^1.2.8",
        "typescript": "^5.6.3",
      },
    },
    "examples/ai-sdk-v5": {
      "name": "@handlebar/examples-ai-sdk-v5",
      "version": "0.0.1",
      "dependencies": {
        "@ai-sdk/openai": "^2.0.54",
        "@handlebar/ai-sdk-v5": "workspace:*",
        "@handlebar/core": "workspace:*",
        "@handlebar/governance-schema": "workspace:*",
        "ai": "^5.0.80",
        "zod": "^4.1.12",
      },
    },
    "packages/ai-sdk-v5": {
      "name": "@handlebar/ai-sdk-v5",
      "version": "0.0.6-dev.0",
      "dependencies": {
        "@handlebar/core": "0.0.6-dev.2",
        "@handlebar/governance-schema": "0.0.6-dev.12",
        "uuidv7": "^1.1.0",
        "zod": "^4.3.6",
      },
      "peerDependencies": {
        "ai": "^5.0.80",
      },
    },
    "packages/core": {
      "name": "@handlebar/core",
      "version": "0.0.6-dev.2",
      "dependencies": {
        "@handlebar/governance-schema": "0.1.0",
        "tiktoken": "^1.0.22",
        "zod": "^4.1.12",
      },
    },
    "packages/governance-schema": {
      "name": "@handlebar/governance-schema",
      "version": "0.1.0",
      "dependencies": {
        "zod": "^4.1.12",
      },
    },
  },
  "overrides": {
    "@handlebar/ai-sdk-v5": "workspace:*",
    "@handlebar/core": "workspace:*",
    "@handlebar/governance-schema": "workspace:*",
  },
  "packages": {
    "@ai-sdk/gateway": ["@ai-sdk/gateway@2.0.29", "", { "dependencies": { "@ai-sdk/provider": "2.0.1", "@ai-sdk/provider-utils": "3.0.20", "@vercel/oidc": "3.1.0" }, "peerDependencies": { "zod": "^3.25.76 || ^4.1.8" } }, "sha512-1b7E9F/B5gex/1uCkhs+sGIbH0KsZOItHnNz3iY5ir+nc4ZUA6WOU5Cu2w1USlc+3UVbhf+H+iNLlxVjLe4VvQ=="],

    "@ai-sdk/openai": ["@ai-sdk/openai@2.0.89", "", { "dependencies": { "@ai-sdk/provider": "2.0.1", "@ai-sdk/provider-utils": "3.0.20" }, "peerDependencies": { "zod": "^3.25.76 || ^4.1.8" } }, "sha512-4+qWkBCbL9HPKbgrUO/F2uXZ8GqrYxHa8SWEYIzxEJ9zvWw3ISr3t1/27O1i8MGSym+PzEyHBT48EV4LAwWaEw=="],

    "@ai-sdk/provider": ["@ai-sdk/provider@2.0.1", "", { "dependencies": { "json-schema": "^0.4.0" } }, "sha512-KCUwswvsC5VsW2PWFqF8eJgSCu5Ysj7m1TxiHTVA6g7k360bk0RNQENT8KTMAYEs+8fWPD3Uu4dEmzGHc+jGng=="],

    "@ai-sdk/provider-utils": ["@ai-sdk/provider-utils@3.0.20", "", { "dependencies": { "@ai-sdk/provider": "2.0.1", "@standard-schema/spec": "^1.0.0", "eventsource-parser": "^3.0.6" }, "peerDependencies": { "zod": "^3.25.76 || ^4.1.8" } }, "sha512-iXHVe0apM2zUEzauqJwqmpC37A5rihrStAih5Ks+JE32iTe4LZ58y17UGBjpQQTCRw9YxMeo2UFLxLpBluyvLQ=="],

    "@biomejs/biome": ["@biomejs/biome@2.3.1", "", { "optionalDependencies": { "@biomejs/cli-darwin-arm64": "2.3.1", "@biomejs/cli-darwin-x64": "2.3.1", "@biomejs/cli-linux-arm64": "2.3.1", "@biomejs/cli-linux-arm64-musl": "2.3.1", "@biomejs/cli-linux-x64": "2.3.1", "@biomejs/cli-linux-x64-musl": "2.3.1", "@biomejs/cli-win32-arm64": "2.3.1", "@biomejs/cli-win32-x64": "2.3.1" }, "bin": { "biome": "bin/biome" } }, "sha512-A29evf1R72V5bo4o2EPxYMm5mtyGvzp2g+biZvRFx29nWebGyyeOSsDWGx3tuNNMFRepGwxmA9ZQ15mzfabK2w=="],

    "@biomejs/cli-darwin-arm64": ["@biomejs/cli-darwin-arm64@2.3.1", "", { "os": "darwin", "cpu": "arm64" }, "sha512-ombSf3MnTUueiYGN1SeI9tBCsDUhpWzOwS63Dove42osNh0PfE1cUtHFx6eZ1+MYCCLwXzlFlYFdrJ+U7h6LcA=="],

    "@biomejs/cli-darwin-x64": ["@biomejs/cli-darwin-x64@2.3.1", "", { "os": "darwin", "cpu": "x64" }, "sha512-pcOfwyoQkrkbGvXxRvZNe5qgD797IowpJPovPX5biPk2FwMEV+INZqfCaz4G5bVq9hYnjwhRMamg11U4QsRXrQ=="],

    "@biomejs/cli-linux-arm64": ["@biomejs/cli-linux-arm64@2.3.1", "", { "os": "linux", "cpu": "arm64" }, "sha512-td5O8pFIgLs8H1sAZsD6v+5quODihyEw4nv2R8z7swUfIK1FKk+15e4eiYVLcAE4jUqngvh4j3JCNgg0Y4o4IQ=="],

    "@biomejs/cli-linux-arm64-musl": ["@biomejs/cli-linux-arm64-musl@2.3.1", "", { "os": "linux", "cpu": "arm64" }, "sha512-+DZYv8l7FlUtTrWs1Tdt1KcNCAmRO87PyOnxKGunbWm5HKg1oZBSbIIPkjrCtDZaeqSG1DiGx7qF+CPsquQRcg=="],

    "@biomejs/cli-linux-x64": ["@biomejs/cli-linux-x64@2.3.1", "", { "os": "linux", "cpu": "x64" }, "sha512-PYWgEO7up7XYwSAArOpzsVCiqxBCXy53gsReAb1kKYIyXaoAlhBaBMvxR/k2Rm9aTuZ662locXUmPk/Aj+Xu+Q=="],

    "@biomejs/cli-linux-x64-musl": ["@biomejs/cli-linux-x64-musl@2.3.1", "", { "os": "linux", "cpu": "x64" }, "sha512-Y3Ob4nqgv38Mh+6EGHltuN+Cq8aj/gyMTJYzkFZV2AEj+9XzoXB9VNljz9pjfFNHUxvLEV4b55VWyxozQTBaUQ=="],

    "@biomejs/cli-win32-arm64": ["@biomejs/cli-win32-arm64@2.3.1", "", { "os": "win32", "cpu": "arm64" }, "sha512-RHIG/zgo+69idUqVvV3n8+j58dKYABRpMyDmfWu2TITC+jwGPiEaT0Q3RKD+kQHiS80mpBrST0iUGeEXT0bU9A=="],

    "@biomejs/cli-win32-x64": ["@biomejs/cli-win32-x64@2.3.1", "", { "os": "win32", "cpu": "x64" }, "sha512-izl30JJ5Dp10mi90Eko47zhxE6pYyWPcnX1NQxKpL/yMhXxf95oLTzfpu4q+MDBh/gemNqyJEwjBpe0MT5iWPA=="],

    "@handlebar/ai-sdk-v5": ["@handlebar/ai-sdk-v5@workspace:packages/ai-sdk-v5"],

    "@handlebar/core": ["@handlebar/core@workspace:packages/core"],

    "@handlebar/examples-ai-sdk-v5": ["@handlebar/examples-ai-sdk-v5@workspace:examples/ai-sdk-v5"],

    "@handlebar/governance-schema": ["@handlebar/governance-schema@workspace:packages/governance-schema"],

    "@opentelemetry/api": ["@opentelemetry/api@1.9.0", "", {}, "sha512-3giAOQvZiH5F9bMlMiv8+GSPMeqg0dbaeo58/0SlA9sxSqZhnUtxzX9/2FzyhS9sWQf5S0GJE0AKBrFqjpeYcg=="],

    "@standard-schema/spec": ["@standard-schema/spec@1.1.0", "", {}, "sha512-l2aFy5jALhniG5HgqrD6jXLi/rUWrKvqN/qJx6yoJsgKhblVd+iqqU4RCXavm/jPityDo5TCvKMnpjKnOriy0w=="],

    "@types/bun": ["@types/bun@1.3.6", "", { "dependencies": { "bun-types": "1.3.6" } }, "sha512-uWCv6FO/8LcpREhenN1d1b6fcspAB+cefwD7uti8C8VffIv0Um08TKMn98FynpTiU38+y2dUO55T11NgDt8VAA=="],

    "@types/minimist": ["@types/minimist@1.2.5", "", {}, "sha512-hov8bUuiLiyFPGyFPE1lwWhmzYbirOXQNNo40+y3zow8aFVTeyn3VWL0VFFfdNddA8S4Vf0Tc062rzyNr7Paag=="],

    "@types/node": ["@types/node@25.0.10", "", { "dependencies": { "undici-types": "~7.16.0" } }, "sha512-zWW5KPngR/yvakJgGOmZ5vTBemDoSqF3AcV/LrO5u5wTWyEAVVh+IT39G4gtyAkh3CtTZs8aX/yRM82OfzHJRg=="],

    "@vercel/oidc": ["@vercel/oidc@3.1.0", "", {}, "sha512-Fw28YZpRnA3cAHHDlkt7xQHiJ0fcL+NRcIqsocZQUSmbzeIKRpwttJjik5ZGanXP+vlA4SbTg+AbA3bP363l+w=="],

    "ai": ["ai@5.0.123", "", { "dependencies": { "@ai-sdk/gateway": "2.0.29", "@ai-sdk/provider": "2.0.1", "@ai-sdk/provider-utils": "3.0.20", "@opentelemetry/api": "1.9.0" }, "peerDependencies": { "zod": "^3.25.76 || ^4.1.8" } }, "sha512-V3Imb0tg0pHCa6a/VsoW/FZpT07mwUw/4Hj6nexJC1Nvf1eyKQJyaYVkl+YTLnA8cKQSUkoarKhXWbFy4CSgjw=="],

    "bun-types": ["bun-types@1.3.6", "", { "dependencies": { "@types/node": "*" } }, "sha512-OlFwHcnNV99r//9v5IIOgQ9Uk37gZqrNMCcqEaExdkVq3Avwqok1bJFmvGMCkCE0FqzdY8VMOZpfpR3lwI+CsQ=="],

    "dotenv": ["dotenv@17.2.3", "", {}, "sha512-JVUnt+DUIzu87TABbhPmNfVdBDt18BLOWjMUFJMSi/Qqg7NTYtabbvSNJGOJ7afbRuv9D/lngizHtP7QyLQ+9w=="],

    "eventsource-parser": ["eventsource-parser@3.0.6", "", {}, "sha512-Vo1ab+QXPzZ4tCa8SwIHJFaSzy4R6SHf7BY79rFBDf0idraZWAkYrDjDj8uWaSm3S2TK+hJ7/t1CEmZ7jXw+pg=="],

    "json-schema": ["json-schema@0.4.0", "", {}, "sha512-es94M3nTIfsEPisRafak+HDLfHXnKBhV3vU5eqPcS3flIWqcxJWgXHXiey3YrpaNsanY5ei1VoYEbOzijuq9BA=="],

    "minimist": ["minimist@1.2.8", "", {}, "sha512-2yyAR8qBkN3YuheJanUpWC5U3bb5osDywNB8RzDVlDwDHbocAJveqqj1u8+SVD7jkWT4yvsHCpWqqWqAxb0zCA=="],

    "tiktoken": ["tiktoken@1.0.22", "", {}, "sha512-PKvy1rVF1RibfF3JlXBSP0Jrcw2uq3yXdgcEXtKTYn3QJ/cBRBHDnrJ5jHky+MENZ6DIPwNUGWpkVx+7joCpNA=="],

    "typescript": ["typescript@5.9.3", "", { "bin": { "tsc": "bin/tsc", "tsserver": "bin/tsserver" } }, "sha512-jl1vZzPDinLr9eUt3J/t7V6FgNEw9QjvBPdysz9KfQDD41fQrC2Y4vKQdiaUpFT4bXlb1RHhLpp8wtm6M5TgSw=="],

    "undici-types": ["undici-types@7.16.0", "", {}, "sha512-Zz+aZWSj8LE6zoxD+xrjh4VfkIG8Ya6LvYkZqtUQGJPZjYl53ypCaUwWqo7eI0x66KBGeRo+mlBEkMSeSZ38Nw=="],

    "uuidv7": ["uuidv7@1.1.0", "", { "bin": { "uuidv7": "cli.js" } }, "sha512-2VNnOC0+XQlwogChUDzy6pe8GQEys9QFZBGOh54l6qVfwoCUwwRvk7rDTgaIsRgsF5GFa5oiNg8LqXE3jofBBg=="],

    "zod": ["zod@4.3.6", "", {}, "sha512-rftlrkhHZOcjDwkGlnUtZZkvaPHCsDATp4pGpuOOMDaTdDDXF91wuVDJoWoPsKX/3YPQ5fHuF3STjcYyKr+Qhg=="],
  }
}
